// !$*UTF8*$!
{
	archiveVersion = 1;
	classes = {
	};
	objectVersion = 56;
	objects = {

/* Begin PBXBuildFile section */
		EC77E7BE2B82616D00677304 /* Toast in Frameworks */ = {isa = PBXBuildFile; productRef = EC77E7BD2B82616D00677304 /* Toast */; };
		EC77E7C62B83475500677304 /* CompleteViewController.swift in Sources */ = {isa = PBXBuildFile; fileRef = EC77E7C52B83475500677304 /* CompleteViewController.swift */; };
		EC77E7CA2B836AEE00677304 /* ToDoTableRepository.swift in Sources */ = {isa = PBXBuildFile; fileRef = EC77E7C92B836AEE00677304 /* ToDoTableRepository.swift */; };
		EC77E7CC2B837D6B00677304 /* TodayViewController.swift in Sources */ = {isa = PBXBuildFile; fileRef = EC77E7CB2B837D6B00677304 /* TodayViewController.swift */; };
		EC77E7CE2B837DC600677304 /* BaseListViewController.swift in Sources */ = {isa = PBXBuildFile; fileRef = EC77E7CD2B837DC600677304 /* BaseListViewController.swift */; };
		EC77E7D02B8384B500677304 /* ExpectedViewController.swift in Sources */ = {isa = PBXBuildFile; fileRef = EC77E7CF2B8384B500677304 /* ExpectedViewController.swift */; };
		EC77E7D22B8389C200677304 /* ToDoTableData.swift in Sources */ = {isa = PBXBuildFile; fileRef = EC77E7D12B8389C200677304 /* ToDoTableData.swift */; };
		ECCA1B3E2B7CB3EF00EB4BD1 /* AppDelegate.swift in Sources */ = {isa = PBXBuildFile; fileRef = ECCA1B3D2B7CB3EF00EB4BD1 /* AppDelegate.swift */; };
		ECCA1B402B7CB3EF00EB4BD1 /* SceneDelegate.swift in Sources */ = {isa = PBXBuildFile; fileRef = ECCA1B3F2B7CB3EF00EB4BD1 /* SceneDelegate.swift */; };
		ECCA1B472B7CB3F100EB4BD1 /* Assets.xcassets in Resources */ = {isa = PBXBuildFile; fileRef = ECCA1B462B7CB3F100EB4BD1 /* Assets.xcassets */; };
		ECCA1B4A2B7CB3F100EB4BD1 /* LaunchScreen.storyboard in Resources */ = {isa = PBXBuildFile; fileRef = ECCA1B482B7CB3F100EB4BD1 /* LaunchScreen.storyboard */; };
		ECCA1B522B7CB41A00EB4BD1 /* ListViewController.swift in Sources */ = {isa = PBXBuildFile; fileRef = ECCA1B512B7CB41A00EB4BD1 /* ListViewController.swift */; };
		ECCA1B562B7CB4AC00EB4BD1 /* BaseViewController.swift in Sources */ = {isa = PBXBuildFile; fileRef = ECCA1B552B7CB4AC00EB4BD1 /* BaseViewController.swift */; };
		ECCA1B592B7CBC1800EB4BD1 /* NewViewController.swift in Sources */ = {isa = PBXBuildFile; fileRef = ECCA1B582B7CBC1800EB4BD1 /* NewViewController.swift */; };
		ECCA1B5B2B7CC73800EB4BD1 /* NewSection.swift in Sources */ = {isa = PBXBuildFile; fileRef = ECCA1B5A2B7CC73800EB4BD1 /* NewSection.swift */; };
		ECCA1B5D2B7CC7BF00EB4BD1 /* MemoTableViewCell.swift in Sources */ = {isa = PBXBuildFile; fileRef = ECCA1B5C2B7CC7BF00EB4BD1 /* MemoTableViewCell.swift */; };
		ECCA1B602B7CC92000EB4BD1 /* SnapKit in Frameworks */ = {isa = PBXBuildFile; productRef = ECCA1B5F2B7CC92000EB4BD1 /* SnapKit */; };
		ECCA1B622B7CD01300EB4BD1 /* DateViewController.swift in Sources */ = {isa = PBXBuildFile; fileRef = ECCA1B612B7CD01300EB4BD1 /* DateViewController.swift */; };
		ECCA1B642B7CD02200EB4BD1 /* TagViewController.swift in Sources */ = {isa = PBXBuildFile; fileRef = ECCA1B632B7CD02200EB4BD1 /* TagViewController.swift */; };
		ECCA1B662B7CD03600EB4BD1 /* PriorityViewController.swift in Sources */ = {isa = PBXBuildFile; fileRef = ECCA1B652B7CD03600EB4BD1 /* PriorityViewController.swift */; };
		ECCA1B682B7CD2F800EB4BD1 /* InfoTableViewCell.swift in Sources */ = {isa = PBXBuildFile; fileRef = ECCA1B672B7CD2F800EB4BD1 /* InfoTableViewCell.swift */; };
		ECCA1B742B7E23CC00EB4BD1 /* ListCollectionViewCell.swift in Sources */ = {isa = PBXBuildFile; fileRef = ECCA1B732B7E23CC00EB4BD1 /* ListCollectionViewCell.swift */; };
		ECCA1B762B7E243200EB4BD1 /* ListSection.swift in Sources */ = {isa = PBXBuildFile; fileRef = ECCA1B752B7E243200EB4BD1 /* ListSection.swift */; };
		ECCA1B782B7E2E0B00EB4BD1 /* ToDoModel.swift in Sources */ = {isa = PBXBuildFile; fileRef = ECCA1B772B7E2E0B00EB4BD1 /* ToDoModel.swift */; };
		ECCA1B7B2B7E2E8200EB4BD1 /* Realm in Frameworks */ = {isa = PBXBuildFile; productRef = ECCA1B7A2B7E2E8200EB4BD1 /* Realm */; };
		ECCA1B7D2B7E2E8200EB4BD1 /* RealmSwift in Frameworks */ = {isa = PBXBuildFile; productRef = ECCA1B7C2B7E2E8200EB4BD1 /* RealmSwift */; };
		ECCA1B802B7E3D0500EB4BD1 /* AllListViewController.swift in Sources */ = {isa = PBXBuildFile; fileRef = ECCA1B7F2B7E3D0500EB4BD1 /* AllListViewController.swift */; };
		ECCA1B822B7E3F4400EB4BD1 /* ListTableViewCell.swift in Sources */ = {isa = PBXBuildFile; fileRef = ECCA1B812B7E3F4400EB4BD1 /* ListTableViewCell.swift */; };
/* End PBXBuildFile section */

/* Begin PBXFileReference section */
		EC77E7C52B83475500677304 /* CompleteViewController.swift */ = {isa = PBXFileReference; lastKnownFileType = sourcecode.swift; path = CompleteViewController.swift; sourceTree = "<group>"; };
		EC77E7C92B836AEE00677304 /* ToDoTableRepository.swift */ = {isa = PBXFileReference; lastKnownFileType = sourcecode.swift; path = ToDoTableRepository.swift; sourceTree = "<group>"; };
		EC77E7CB2B837D6B00677304 /* TodayViewController.swift */ = {isa = PBXFileReference; lastKnownFileType = sourcecode.swift; path = TodayViewController.swift; sourceTree = "<group>"; };
		EC77E7CD2B837DC600677304 /* BaseListViewController.swift */ = {isa = PBXFileReference; lastKnownFileType = sourcecode.swift; path = BaseListViewController.swift; sourceTree = "<group>"; };
		EC77E7CF2B8384B500677304 /* ExpectedViewController.swift */ = {isa = PBXFileReference; lastKnownFileType = sourcecode.swift; path = ExpectedViewController.swift; sourceTree = "<group>"; };
		EC77E7D12B8389C200677304 /* ToDoTableData.swift */ = {isa = PBXFileReference; lastKnownFileType = sourcecode.swift; path = ToDoTableData.swift; sourceTree = "<group>"; };
		ECCA1B3A2B7CB3EF00EB4BD1 /* ToDo.app */ = {isa = PBXFileReference; explicitFileType = wrapper.application; includeInIndex = 0; path = ToDo.app; sourceTree = BUILT_PRODUCTS_DIR; };
		ECCA1B3D2B7CB3EF00EB4BD1 /* AppDelegate.swift */ = {isa = PBXFileReference; lastKnownFileType = sourcecode.swift; path = AppDelegate.swift; sourceTree = "<group>"; };
		ECCA1B3F2B7CB3EF00EB4BD1 /* SceneDelegate.swift */ = {isa = PBXFileReference; lastKnownFileType = sourcecode.swift; path = SceneDelegate.swift; sourceTree = "<group>"; };
		ECCA1B462B7CB3F100EB4BD1 /* Assets.xcassets */ = {isa = PBXFileReference; lastKnownFileType = folder.assetcatalog; path = Assets.xcassets; sourceTree = "<group>"; };
		ECCA1B492B7CB3F100EB4BD1 /* Base */ = {isa = PBXFileReference; lastKnownFileType = file.storyboard; name = Base; path = Base.lproj/LaunchScreen.storyboard; sourceTree = "<group>"; };
		ECCA1B4B2B7CB3F100EB4BD1 /* Info.plist */ = {isa = PBXFileReference; lastKnownFileType = text.plist.xml; path = Info.plist; sourceTree = "<group>"; };
		ECCA1B512B7CB41A00EB4BD1 /* ListViewController.swift */ = {isa = PBXFileReference; lastKnownFileType = sourcecode.swift; path = ListViewController.swift; sourceTree = "<group>"; };
		ECCA1B552B7CB4AC00EB4BD1 /* BaseViewController.swift */ = {isa = PBXFileReference; lastKnownFileType = sourcecode.swift; path = BaseViewController.swift; sourceTree = "<group>"; };
		ECCA1B582B7CBC1800EB4BD1 /* NewViewController.swift */ = {isa = PBXFileReference; lastKnownFileType = sourcecode.swift; path = NewViewController.swift; sourceTree = "<group>"; };
		ECCA1B5A2B7CC73800EB4BD1 /* NewSection.swift */ = {isa = PBXFileReference; lastKnownFileType = sourcecode.swift; path = NewSection.swift; sourceTree = "<group>"; };
		ECCA1B5C2B7CC7BF00EB4BD1 /* MemoTableViewCell.swift */ = {isa = PBXFileReference; lastKnownFileType = sourcecode.swift; path = MemoTableViewCell.swift; sourceTree = "<group>"; };
		ECCA1B612B7CD01300EB4BD1 /* DateViewController.swift */ = {isa = PBXFileReference; lastKnownFileType = sourcecode.swift; path = DateViewController.swift; sourceTree = "<group>"; };
		ECCA1B632B7CD02200EB4BD1 /* TagViewController.swift */ = {isa = PBXFileReference; lastKnownFileType = sourcecode.swift; path = TagViewController.swift; sourceTree = "<group>"; };
		ECCA1B652B7CD03600EB4BD1 /* PriorityViewController.swift */ = {isa = PBXFileReference; lastKnownFileType = sourcecode.swift; path = PriorityViewController.swift; sourceTree = "<group>"; };
		ECCA1B672B7CD2F800EB4BD1 /* InfoTableViewCell.swift */ = {isa = PBXFileReference; lastKnownFileType = sourcecode.swift; path = InfoTableViewCell.swift; sourceTree = "<group>"; };
		ECCA1B732B7E23CC00EB4BD1 /* ListCollectionViewCell.swift */ = {isa = PBXFileReference; lastKnownFileType = sourcecode.swift; path = ListCollectionViewCell.swift; sourceTree = "<group>"; };
		ECCA1B752B7E243200EB4BD1 /* ListSection.swift */ = {isa = PBXFileReference; lastKnownFileType = sourcecode.swift; path = ListSection.swift; sourceTree = "<group>"; };
		ECCA1B772B7E2E0B00EB4BD1 /* ToDoModel.swift */ = {isa = PBXFileReference; lastKnownFileType = sourcecode.swift; path = ToDoModel.swift; sourceTree = "<group>"; };
		ECCA1B7F2B7E3D0500EB4BD1 /* AllListViewController.swift */ = {isa = PBXFileReference; lastKnownFileType = sourcecode.swift; path = AllListViewController.swift; sourceTree = "<group>"; };
		ECCA1B812B7E3F4400EB4BD1 /* ListTableViewCell.swift */ = {isa = PBXFileReference; lastKnownFileType = sourcecode.swift; path = ListTableViewCell.swift; sourceTree = "<group>"; };
/* End PBXFileReference section */

/* Begin PBXFrameworksBuildPhase section */
		ECCA1B372B7CB3EF00EB4BD1 /* Frameworks */ = {
			isa = PBXFrameworksBuildPhase;
			buildActionMask = 2147483647;
			files = (
				EC77E7BE2B82616D00677304 /* Toast in Frameworks */,
				ECCA1B7D2B7E2E8200EB4BD1 /* RealmSwift in Frameworks */,
				ECCA1B7B2B7E2E8200EB4BD1 /* Realm in Frameworks */,
				ECCA1B602B7CC92000EB4BD1 /* SnapKit in Frameworks */,
			);
			runOnlyForDeploymentPostprocessing = 0;
		};
/* End PBXFrameworksBuildPhase section */

/* Begin PBXGroup section */
		ECCA1B312B7CB3EF00EB4BD1 = {
			isa = PBXGroup;
			children = (
				ECCA1B3C2B7CB3EF00EB4BD1 /* ToDo */,
				ECCA1B3B2B7CB3EF00EB4BD1 /* Products */,
			);
			sourceTree = "<group>";
		};
		ECCA1B3B2B7CB3EF00EB4BD1 /* Products */ = {
			isa = PBXGroup;
			children = (
				ECCA1B3A2B7CB3EF00EB4BD1 /* ToDo.app */,
			);
			name = Products;
			sourceTree = "<group>";
		};
		ECCA1B3C2B7CB3EF00EB4BD1 /* ToDo */ = {
			isa = PBXGroup;
			children = (
				ECCA1B772B7E2E0B00EB4BD1 /* ToDoModel.swift */,
				EC77E7D12B8389C200677304 /* ToDoTableData.swift */,
				EC77E7C92B836AEE00677304 /* ToDoTableRepository.swift */,
				ECCA1B542B7CB4A000EB4BD1 /* Base */,
				ECCA1B532B7CB41E00EB4BD1 /* List */,
				ECCA1B572B7CBBF400EB4BD1 /* New */,
				ECCA1B3D2B7CB3EF00EB4BD1 /* AppDelegate.swift */,
				ECCA1B3F2B7CB3EF00EB4BD1 /* SceneDelegate.swift */,
				ECCA1B462B7CB3F100EB4BD1 /* Assets.xcassets */,
				ECCA1B482B7CB3F100EB4BD1 /* LaunchScreen.storyboard */,
				ECCA1B4B2B7CB3F100EB4BD1 /* Info.plist */,
				ECCA1B612B7CD01300EB4BD1 /* DateViewController.swift */,
				ECCA1B632B7CD02200EB4BD1 /* TagViewController.swift */,
				ECCA1B652B7CD03600EB4BD1 /* PriorityViewController.swift */,
			);
			path = ToDo;
			sourceTree = "<group>";
		};
		ECCA1B532B7CB41E00EB4BD1 /* List */ = {
			isa = PBXGroup;
			children = (
				ECCA1B812B7E3F4400EB4BD1 /* ListTableViewCell.swift */,
				ECCA1B752B7E243200EB4BD1 /* ListSection.swift */,
				ECCA1B512B7CB41A00EB4BD1 /* ListViewController.swift */,
				ECCA1B732B7E23CC00EB4BD1 /* ListCollectionViewCell.swift */,
				ECCA1B7F2B7E3D0500EB4BD1 /* AllListViewController.swift */,
				EC77E7C52B83475500677304 /* CompleteViewController.swift */,
				EC77E7CB2B837D6B00677304 /* TodayViewController.swift */,
				EC77E7CF2B8384B500677304 /* ExpectedViewController.swift */,
			);
			path = List;
			sourceTree = "<group>";
		};
		ECCA1B542B7CB4A000EB4BD1 /* Base */ = {
			isa = PBXGroup;
			children = (
				ECCA1B552B7CB4AC00EB4BD1 /* BaseViewController.swift */,
				EC77E7CD2B837DC600677304 /* BaseListViewController.swift */,
			);
			path = Base;
			sourceTree = "<group>";
		};
		ECCA1B572B7CBBF400EB4BD1 /* New */ = {
			isa = PBXGroup;
			children = (
				ECCA1B5A2B7CC73800EB4BD1 /* NewSection.swift */,
				ECCA1B582B7CBC1800EB4BD1 /* NewViewController.swift */,
				ECCA1B5C2B7CC7BF00EB4BD1 /* MemoTableViewCell.swift */,
				ECCA1B672B7CD2F800EB4BD1 /* InfoTableViewCell.swift */,
			);
			path = New;
			sourceTree = "<group>";
		};
/* End PBXGroup section */

/* Begin PBXNativeTarget section */
		ECCA1B392B7CB3EF00EB4BD1 /* ToDo */ = {
			isa = PBXNativeTarget;
			buildConfigurationList = ECCA1B4E2B7CB3F100EB4BD1 /* Build configuration list for PBXNativeTarget "ToDo" */;
			buildPhases = (
				ECCA1B362B7CB3EF00EB4BD1 /* Sources */,
				ECCA1B372B7CB3EF00EB4BD1 /* Frameworks */,
				ECCA1B382B7CB3EF00EB4BD1 /* Resources */,
			);
			buildRules = (
			);
			dependencies = (
			);
			name = ToDo;
			packageProductDependencies = (
				ECCA1B5F2B7CC92000EB4BD1 /* SnapKit */,
				ECCA1B7A2B7E2E8200EB4BD1 /* Realm */,
				ECCA1B7C2B7E2E8200EB4BD1 /* RealmSwift */,
				EC77E7BD2B82616D00677304 /* Toast */,
			);
			productName = ToDo;
			productReference = ECCA1B3A2B7CB3EF00EB4BD1 /* ToDo.app */;
			productType = "com.apple.product-type.application";
		};
/* End PBXNativeTarget section */

/* Begin PBXProject section */
		ECCA1B322B7CB3EF00EB4BD1 /* Project object */ = {
			isa = PBXProject;
			attributes = {
				BuildIndependentTargetsInParallel = 1;
				LastSwiftUpdateCheck = 1520;
				LastUpgradeCheck = 1520;
				TargetAttributes = {
					ECCA1B392B7CB3EF00EB4BD1 = {
						CreatedOnToolsVersion = 15.2;
					};
				};
			};
			buildConfigurationList = ECCA1B352B7CB3EF00EB4BD1 /* Build configuration list for PBXProject "ToDo" */;
			compatibilityVersion = "Xcode 14.0";
			developmentRegion = en;
			hasScannedForEncodings = 0;
			knownRegions = (
				en,
				Base,
			);
			mainGroup = ECCA1B312B7CB3EF00EB4BD1;
			packageReferences = (
				ECCA1B5E2B7CC92000EB4BD1 /* XCRemoteSwiftPackageReference "SnapKit" */,
				ECCA1B792B7E2E8200EB4BD1 /* XCRemoteSwiftPackageReference "realm-swift" */,
				EC77E7BC2B82616D00677304 /* XCRemoteSwiftPackageReference "Toast-Swift" */,
			);
			productRefGroup = ECCA1B3B2B7CB3EF00EB4BD1 /* Products */;
			projectDirPath = "";
			projectRoot = "";
			targets = (
				ECCA1B392B7CB3EF00EB4BD1 /* ToDo */,
			);
		};
/* End PBXProject section */

/* Begin PBXResourcesBuildPhase section */
		ECCA1B382B7CB3EF00EB4BD1 /* Resources */ = {
			isa = PBXResourcesBuildPhase;
			buildActionMask = 2147483647;
			files = (
				ECCA1B4A2B7CB3F100EB4BD1 /* LaunchScreen.storyboard in Resources */,
				ECCA1B472B7CB3F100EB4BD1 /* Assets.xcassets in Resources */,
			);
			runOnlyForDeploymentPostprocessing = 0;
		};
/* End PBXResourcesBuildPhase section */

/* Begin PBXSourcesBuildPhase section */
		ECCA1B362B7CB3EF00EB4BD1 /* Sources */ = {
			isa = PBXSourcesBuildPhase;
			buildActionMask = 2147483647;
			files = (
				ECCA1B622B7CD01300EB4BD1 /* DateViewController.swift in Sources */,
				EC77E7CE2B837DC600677304 /* BaseListViewController.swift in Sources */,
				ECCA1B3E2B7CB3EF00EB4BD1 /* AppDelegate.swift in Sources */,
				ECCA1B562B7CB4AC00EB4BD1 /* BaseViewController.swift in Sources */,
				EC77E7CC2B837D6B00677304 /* TodayViewController.swift in Sources */,
				EC77E7C62B83475500677304 /* CompleteViewController.swift in Sources */,
				EC77E7D22B8389C200677304 /* ToDoTableData.swift in Sources */,
				ECCA1B5B2B7CC73800EB4BD1 /* NewSection.swift in Sources */,
				ECCA1B662B7CD03600EB4BD1 /* PriorityViewController.swift in Sources */,
				EC77E7D02B8384B500677304 /* ExpectedViewController.swift in Sources */,
				ECCA1B5D2B7CC7BF00EB4BD1 /* MemoTableViewCell.swift in Sources */,
				ECCA1B742B7E23CC00EB4BD1 /* ListCollectionViewCell.swift in Sources */,
				ECCA1B782B7E2E0B00EB4BD1 /* ToDoModel.swift in Sources */,
				ECCA1B762B7E243200EB4BD1 /* ListSection.swift in Sources */,
				EC77E7CA2B836AEE00677304 /* ToDoTableRepository.swift in Sources */,
				ECCA1B592B7CBC1800EB4BD1 /* NewViewController.swift in Sources */,
				ECCA1B642B7CD02200EB4BD1 /* TagViewController.swift in Sources */,
				ECCA1B682B7CD2F800EB4BD1 /* InfoTableViewCell.swift in Sources */,
				ECCA1B802B7E3D0500EB4BD1 /* AllListViewController.swift in Sources */,
				ECCA1B822B7E3F4400EB4BD1 /* ListTableViewCell.swift in Sources */,
				ECCA1B522B7CB41A00EB4BD1 /* ListViewController.swift in Sources */,
				ECCA1B402B7CB3EF00EB4BD1 /* SceneDelegate.swift in Sources */,
			);
			runOnlyForDeploymentPostprocessing = 0;
		};
/* End PBXSourcesBuildPhase section */

/* Begin PBXVariantGroup section */
		ECCA1B482B7CB3F100EB4BD1 /* LaunchScreen.storyboard */ = {
			isa = PBXVariantGroup;
			children = (
				ECCA1B492B7CB3F100EB4BD1 /* Base */,
			);
			name = LaunchScreen.storyboard;
			sourceTree = "<group>";
		};
/* End PBXVariantGroup section */

/* Begin XCBuildConfiguration section */
		ECCA1B4C2B7CB3F100EB4BD1 /* Debug */ = {
			isa = XCBuildConfiguration;
			buildSettings = {
				ALWAYS_SEARCH_USER_PATHS = NO;
				ASSETCATALOG_COMPILER_GENERATE_SWIFT_ASSET_SYMBOL_EXTENSIONS = YES;
				CLANG_ANALYZER_NONNULL = YES;
				CLANG_ANALYZER_NUMBER_OBJECT_CONVERSION = YES_AGGRESSIVE;
				CLANG_CXX_LANGUAGE_STANDARD = "gnu++20";
				CLANG_ENABLE_MODULES = YES;
				CLANG_ENABLE_OBJC_ARC = YES;
				CLANG_ENABLE_OBJC_WEAK = YES;
				CLANG_WARN_BLOCK_CAPTURE_AUTORELEASING = YES;
				CLANG_WARN_BOOL_CONVERSION = YES;
				CLANG_WARN_COMMA = YES;
				CLANG_WARN_CONSTANT_CONVERSION = YES;
				CLANG_WARN_DEPRECATED_OBJC_IMPLEMENTATIONS = YES;
				CLANG_WARN_DIRECT_OBJC_ISA_USAGE = YES_ERROR;
				CLANG_WARN_DOCUMENTATION_COMMENTS = YES;
				CLANG_WARN_EMPTY_BODY = YES;
				CLANG_WARN_ENUM_CONVERSION = YES;
				CLANG_WARN_INFINITE_RECURSION = YES;
				CLANG_WARN_INT_CONVERSION = YES;
				CLANG_WARN_NON_LITERAL_NULL_CONVERSION = YES;
				CLANG_WARN_OBJC_IMPLICIT_RETAIN_SELF = YES;
				CLANG_WARN_OBJC_LITERAL_CONVERSION = YES;
				CLANG_WARN_OBJC_ROOT_CLASS = YES_ERROR;
				CLANG_WARN_QUOTED_INCLUDE_IN_FRAMEWORK_HEADER = YES;
				CLANG_WARN_RANGE_LOOP_ANALYSIS = YES;
				CLANG_WARN_STRICT_PROTOTYPES = YES;
				CLANG_WARN_SUSPICIOUS_MOVE = YES;
				CLANG_WARN_UNGUARDED_AVAILABILITY = YES_AGGRESSIVE;
				CLANG_WARN_UNREACHABLE_CODE = YES;
				CLANG_WARN__DUPLICATE_METHOD_MATCH = YES;
				COPY_PHASE_STRIP = NO;
				DEBUG_INFORMATION_FORMAT = dwarf;
				ENABLE_STRICT_OBJC_MSGSEND = YES;
				ENABLE_TESTABILITY = YES;
				ENABLE_USER_SCRIPT_SANDBOXING = YES;
				GCC_C_LANGUAGE_STANDARD = gnu17;
				GCC_DYNAMIC_NO_PIC = NO;
				GCC_NO_COMMON_BLOCKS = YES;
				GCC_OPTIMIZATION_LEVEL = 0;
				GCC_PREPROCESSOR_DEFINITIONS = (
					"DEBUG=1",
					"$(inherited)",
				);
				GCC_WARN_64_TO_32_BIT_CONVERSION = YES;
				GCC_WARN_ABOUT_RETURN_TYPE = YES_ERROR;
				GCC_WARN_UNDECLARED_SELECTOR = YES;
				GCC_WARN_UNINITIALIZED_AUTOS = YES_AGGRESSIVE;
				GCC_WARN_UNUSED_FUNCTION = YES;
				GCC_WARN_UNUSED_VARIABLE = YES;
				IPHONEOS_DEPLOYMENT_TARGET = 17.2;
				LOCALIZATION_PREFERS_STRING_CATALOGS = YES;
				MTL_ENABLE_DEBUG_INFO = INCLUDE_SOURCE;
				MTL_FAST_MATH = YES;
				ONLY_ACTIVE_ARCH = YES;
				SDKROOT = iphoneos;
				SWIFT_ACTIVE_COMPILATION_CONDITIONS = "DEBUG $(inherited)";
				SWIFT_OPTIMIZATION_LEVEL = "-Onone";
			};
			name = Debug;
		};
		ECCA1B4D2B7CB3F100EB4BD1 /* Release */ = {
			isa = XCBuildConfiguration;
			buildSettings = {
				ALWAYS_SEARCH_USER_PATHS = NO;
				ASSETCATALOG_COMPILER_GENERATE_SWIFT_ASSET_SYMBOL_EXTENSIONS = YES;
				CLANG_ANALYZER_NONNULL = YES;
				CLANG_ANALYZER_NUMBER_OBJECT_CONVERSION = YES_AGGRESSIVE;
				CLANG_CXX_LANGUAGE_STANDARD = "gnu++20";
				CLANG_ENABLE_MODULES = YES;
				CLANG_ENABLE_OBJC_ARC = YES;
				CLANG_ENABLE_OBJC_WEAK = YES;
				CLANG_WARN_BLOCK_CAPTURE_AUTORELEASING = YES;
				CLANG_WARN_BOOL_CONVERSION = YES;
				CLANG_WARN_COMMA = YES;
				CLANG_WARN_CONSTANT_CONVERSION = YES;
				CLANG_WARN_DEPRECATED_OBJC_IMPLEMENTATIONS = YES;
				CLANG_WARN_DIRECT_OBJC_ISA_USAGE = YES_ERROR;
				CLANG_WARN_DOCUMENTATION_COMMENTS = YES;
				CLANG_WARN_EMPTY_BODY = YES;
				CLANG_WARN_ENUM_CONVERSION = YES;
				CLANG_WARN_INFINITE_RECURSION = YES;
				CLANG_WARN_INT_CONVERSION = YES;
				CLANG_WARN_NON_LITERAL_NULL_CONVERSION = YES;
				CLANG_WARN_OBJC_IMPLICIT_RETAIN_SELF = YES;
				CLANG_WARN_OBJC_LITERAL_CONVERSION = YES;
				CLANG_WARN_OBJC_ROOT_CLASS = YES_ERROR;
				CLANG_WARN_QUOTED_INCLUDE_IN_FRAMEWORK_HEADER = YES;
				CLANG_WARN_RANGE_LOOP_ANALYSIS = YES;
				CLANG_WARN_STRICT_PROTOTYPES = YES;
				CLANG_WARN_SUSPICIOUS_MOVE = YES;
				CLANG_WARN_UNGUARDED_AVAILABILITY = YES_AGGRESSIVE;
				CLANG_WARN_UNREACHABLE_CODE = YES;
				CLANG_WARN__DUPLICATE_METHOD_MATCH = YES;
				COPY_PHASE_STRIP = NO;
				DEBUG_INFORMATION_FORMAT = "dwarf-with-dsym";
				ENABLE_NS_ASSERTIONS = NO;
				ENABLE_STRICT_OBJC_MSGSEND = YES;
				ENABLE_USER_SCRIPT_SANDBOXING = YES;
				GCC_C_LANGUAGE_STANDARD = gnu17;
				GCC_NO_COMMON_BLOCKS = YES;
				GCC_WARN_64_TO_32_BIT_CONVERSION = YES;
				GCC_WARN_ABOUT_RETURN_TYPE = YES_ERROR;
				GCC_WARN_UNDECLARED_SELECTOR = YES;
				GCC_WARN_UNINITIALIZED_AUTOS = YES_AGGRESSIVE;
				GCC_WARN_UNUSED_FUNCTION = YES;
				GCC_WARN_UNUSED_VARIABLE = YES;
				IPHONEOS_DEPLOYMENT_TARGET = 17.2;
				LOCALIZATION_PREFERS_STRING_CATALOGS = YES;
				MTL_ENABLE_DEBUG_INFO = NO;
				MTL_FAST_MATH = YES;
				SDKROOT = iphoneos;
				SWIFT_COMPILATION_MODE = wholemodule;
				VALIDATE_PRODUCT = YES;
			};
			name = Release;
		};
		ECCA1B4F2B7CB3F100EB4BD1 /* Debug */ = {
			isa = XCBuildConfiguration;
			buildSettings = {
				ASSETCATALOG_COMPILER_APPICON_NAME = AppIcon;
				ASSETCATALOG_COMPILER_GLOBAL_ACCENT_COLOR_NAME = AccentColor;
				CODE_SIGN_STYLE = Automatic;
				CURRENT_PROJECT_VERSION = 1;
				GENERATE_INFOPLIST_FILE = YES;
				INFOPLIST_FILE = ToDo/Info.plist;
				INFOPLIST_KEY_UIApplicationSupportsIndirectInputEvents = YES;
				INFOPLIST_KEY_UILaunchStoryboardName = LaunchScreen;
				INFOPLIST_KEY_UIMainStoryboardFile = "";
				INFOPLIST_KEY_UISupportedInterfaceOrientations = UIInterfaceOrientationPortrait;
				INFOPLIST_KEY_UISupportedInterfaceOrientations_iPad = "UIInterfaceOrientationLandscapeLeft UIInterfaceOrientationLandscapeRight UIInterfaceOrientationPortrait UIInterfaceOrientationPortraitUpsideDown";
				LD_RUNPATH_SEARCH_PATHS = (
					"$(inherited)",
					"@executable_path/Frameworks",
				);
				MARKETING_VERSION = 1.0;
				PRODUCT_BUNDLE_IDENTIFIER = com.olrae.ToDo;
				PRODUCT_NAME = "$(TARGET_NAME)";
				SUPPORTED_PLATFORMS = "iphoneos iphonesimulator";
				SUPPORTS_MACCATALYST = NO;
				SUPPORTS_MAC_DESIGNED_FOR_IPHONE_IPAD = NO;
				SUPPORTS_XR_DESIGNED_FOR_IPHONE_IPAD = NO;
				SWIFT_EMIT_LOC_STRINGS = YES;
				SWIFT_VERSION = 5.0;
				TARGETED_DEVICE_FAMILY = 1;
			};
			name = Debug;
		};
		ECCA1B502B7CB3F100EB4BD1 /* Release */ = {
			isa = XCBuildConfiguration;
			buildSettings = {
				ASSETCATALOG_COMPILER_APPICON_NAME = AppIcon;
				ASSETCATALOG_COMPILER_GLOBAL_ACCENT_COLOR_NAME = AccentColor;
				CODE_SIGN_STYLE = Automatic;
				CURRENT_PROJECT_VERSION = 1;
				GENERATE_INFOPLIST_FILE = YES;
				INFOPLIST_FILE = ToDo/Info.plist;
				INFOPLIST_KEY_UIApplicationSupportsIndirectInputEvents = YES;
				INFOPLIST_KEY_UILaunchStoryboardName = LaunchScreen;
				INFOPLIST_KEY_UIMainStoryboardFile = "";
				INFOPLIST_KEY_UISupportedInterfaceOrientations = UIInterfaceOrientationPortrait;
				INFOPLIST_KEY_UISupportedInterfaceOrientations_iPad = "UIInterfaceOrientationLandscapeLeft UIInterfaceOrientationLandscapeRight UIInterfaceOrientationPortrait UIInterfaceOrientationPortraitUpsideDown";
				LD_RUNPATH_SEARCH_PATHS = (
					"$(inherited)",
					"@executable_path/Frameworks",
				);
				MARKETING_VERSION = 1.0;
				PRODUCT_BUNDLE_IDENTIFIER = com.olrae.ToDo;
				PRODUCT_NAME = "$(TARGET_NAME)";
				SUPPORTED_PLATFORMS = "iphoneos iphonesimulator";
				SUPPORTS_MACCATALYST = NO;
				SUPPORTS_MAC_DESIGNED_FOR_IPHONE_IPAD = NO;
				SUPPORTS_XR_DESIGNED_FOR_IPHONE_IPAD = NO;
				SWIFT_EMIT_LOC_STRINGS = YES;
				SWIFT_VERSION = 5.0;
				TARGETED_DEVICE_FAMILY = 1;
			};
			name = Release;
		};
/* End XCBuildConfiguration section */

/* Begin XCConfigurationList section */
		ECCA1B352B7CB3EF00EB4BD1 /* Build configuration list for PBXProject "ToDo" */ = {
			isa = XCConfigurationList;
			buildConfigurations = (
				ECCA1B4C2B7CB3F100EB4BD1 /* Debug */,
				ECCA1B4D2B7CB3F100EB4BD1 /* Release */,
			);
			defaultConfigurationIsVisible = 0;
			defaultConfigurationName = Release;
		};
		ECCA1B4E2B7CB3F100EB4BD1 /* Build configuration list for PBXNativeTarget "ToDo" */ = {
			isa = XCConfigurationList;
			buildConfigurations = (
				ECCA1B4F2B7CB3F100EB4BD1 /* Debug */,
				ECCA1B502B7CB3F100EB4BD1 /* Release */,
			);
			defaultConfigurationIsVisible = 0;
			defaultConfigurationName = Release;
		};
/* End XCConfigurationList section */

/* Begin XCRemoteSwiftPackageReference section */
		EC77E7BC2B82616D00677304 /* XCRemoteSwiftPackageReference "Toast-Swift" */ = {
			isa = XCRemoteSwiftPackageReference;
			repositoryURL = "https://github.com/scalessec/Toast-Swift.git";
			requirement = {
				kind = upToNextMajorVersion;
				minimumVersion = 5.1.0;
			};
		};
		ECCA1B5E2B7CC92000EB4BD1 /* XCRemoteSwiftPackageReference "SnapKit" */ = {
			isa = XCRemoteSwiftPackageReference;
			repositoryURL = "https://github.com/SnapKit/SnapKit.git";
			requirement = {
				kind = upToNextMajorVersion;
				minimumVersion = 5.7.0;
			};
		};
		ECCA1B792B7E2E8200EB4BD1 /* XCRemoteSwiftPackageReference "realm-swift" */ = {
			isa = XCRemoteSwiftPackageReference;
			repositoryURL = "https://github.com/realm/realm-swift.git";
			requirement = {
				kind = exactVersion;
				version = 10.47.0;
			};
		};
/* End XCRemoteSwiftPackageReference section */

/* Begin XCSwiftPackageProductDependency section */
		EC77E7BD2B82616D00677304 /* Toast */ = {
			isa = XCSwiftPackageProductDependency;
			package = EC77E7BC2B82616D00677304 /* XCRemoteSwiftPackageReference "Toast-Swift" */;
			productName = Toast;
		};
		ECCA1B5F2B7CC92000EB4BD1 /* SnapKit */ = {
			isa = XCSwiftPackageProductDependency;
			package = ECCA1B5E2B7CC92000EB4BD1 /* XCRemoteSwiftPackageReference "SnapKit" */;
			productName = SnapKit;
		};
		ECCA1B7A2B7E2E8200EB4BD1 /* Realm */ = {
			isa = XCSwiftPackageProductDependency;
			package = ECCA1B792B7E2E8200EB4BD1 /* XCRemoteSwiftPackageReference "realm-swift" */;
			productName = Realm;
		};
		ECCA1B7C2B7E2E8200EB4BD1 /* RealmSwift */ = {
			isa = XCSwiftPackageProductDependency;
			package = ECCA1B792B7E2E8200EB4BD1 /* XCRemoteSwiftPackageReference "realm-swift" */;
			productName = RealmSwift;
		};
/* End XCSwiftPackageProductDependency section */
	};
	rootObject = ECCA1B322B7CB3EF00EB4BD1 /* Project object */;
}
